<?xml version="1.0" encoding="utf-8"?>
<Project ToolsVersion="4.0" xmlns="http://schemas.microsoft.com/developer/msbuild/2003">
  <ItemGroup>
    <Filter Include="Arquivos de Origem">
      <UniqueIdentifier>{4FC737F1-C7A5-4376-A066-2A32D752A2FF}</UniqueIdentifier>
      <Extensions>cpp;c;cc;cxx;def;odl;idl;hpj;bat;asm;asmx</Extensions>
    </Filter>
    <Filter Include="Arquivos de Cabeçalho">
      <UniqueIdentifier>{93995380-89BD-4b04-88EB-625FBE52EBFB}</UniqueIdentifier>
      <Extensions>h;hh;hpp;hxx;hm;inl;inc;ipp;xsd</Extensions>
    </Filter>
    <Filter Include="Arquivos de Recurso">
      <UniqueIdentifier>{67DA6AB6-F800-4c08-8B7A-83BB121AAD01}</UniqueIdentifier>
      <Extensions>rc;ico;cur;bmp;dlg;rc2;rct;bin;rgs;gif;jpg;jpeg;jpe;resx;tiff;tif;png;wav;mfcribbon-ms</Extensions>
    </Filter>
    <Filter Include="Arquivos de Origem\Player">
      <UniqueIdentifier>{ba85d47d-2021-4691-b0c8-d9771389f7d0}</UniqueIdentifier>
    </Filter>
    <Filter Include="Arquivos de Origem\Textures">
      <UniqueIdentifier>{90e9ffb2-8a21-4cef-9893-b84955e1ca2f}</UniqueIdentifier>
    </Filter>
    <Filter Include="Arquivos de Origem\Textures\player">
      <UniqueIdentifier>{7d52b589-731c-4776-8286-294c6f27bb39}</UniqueIdentifier>
    </Filter>
    <Filter Include="Arquivos de Origem\Animation">
      <UniqueIdentifier>{361a672c-2dd1-479c-abed-9b1e777b6fa7}</UniqueIdentifier>
    </Filter>
    <Filter Include="Arquivos de Origem\Animation\Player">
      <UniqueIdentifier>{de297660-ad4c-4e07-8b19-88ae16b42a26}</UniqueIdentifier>
    </Filter>
    <Filter Include="Arquivos de Origem\Collision">
      <UniqueIdentifier>{8c9eb091-5bf2-4491-82bc-10732a6c86c7}</UniqueIdentifier>
    </Filter>
    <Filter Include="Arquivos de Origem\Platform">
      <UniqueIdentifier>{db06c536-dd87-48f9-adab-225382be74cc}</UniqueIdentifier>
    </Filter>
    <Filter Include="Arquivos de Origem\Menu">
      <UniqueIdentifier>{b96d1b73-2e2b-4841-9580-ab26174b7ca0}</UniqueIdentifier>
    </Filter>
    <Filter Include="Arquivos de Origem\Fases">
      <UniqueIdentifier>{03964398-14d9-4a51-ace0-3738cf263bb2}</UniqueIdentifier>
    </Filter>
    <Filter Include="Arquivos de Origem\Death">
      <UniqueIdentifier>{b1a13aa1-16c0-44e8-8503-da72f24c2409}</UniqueIdentifier>
    </Filter>
    <Filter Include="Arquivos de Origem\Victory">
      <UniqueIdentifier>{27b382c8-021e-44a9-95a9-b0816e77820d}</UniqueIdentifier>
    </Filter>
    <Filter Include="Arquivos de Origem\Shot">
      <UniqueIdentifier>{11b8b157-2cfd-4bd2-b8fb-79d0625c85e3}</UniqueIdentifier>
    </Filter>
    <Filter Include="Arquivos de Origem\Audio">
      <UniqueIdentifier>{ddbf9f9b-259d-4067-921b-0576902de5f5}</UniqueIdentifier>
    </Filter>
    <Filter Include="Arquivos de Origem\Options">
      <UniqueIdentifier>{74d9476c-3204-4f40-9317-144a34e49da5}</UniqueIdentifier>
    </Filter>
  </ItemGroup>
  <ItemGroup>
    <ClCompile Include="main.cpp">
      <Filter>Arquivos de Origem</Filter>
    </ClCompile>
    <ClCompile Include="Player\Player.cpp">
      <Filter>Arquivos de Origem\Player</Filter>
    </ClCompile>
    <ClCompile Include="Animation\Player\PlayerAnimation.cpp">
      <Filter>Arquivos de Origem\Animation\Player</Filter>
    </ClCompile>
    <ClCompile Include="Platform\Platform.cpp">
      <Filter>Arquivos de Origem\Platform</Filter>
    </ClCompile>
    <ClCompile Include="Collision\Collider.cpp">
      <Filter>Arquivos de Origem\Collision</Filter>
    </ClCompile>
    <ClCompile Include="Menu\Menu.cpp">
      <Filter>Arquivos de Origem\Menu</Filter>
    </ClCompile>
    <ClCompile Include="Fases\Fase.cpp">
      <Filter>Arquivos de Origem\Fases</Filter>
    </ClCompile>
    <ClCompile Include="Player\StatusPlayer.cpp">
      <Filter>Arquivos de Origem\Player</Filter>
    </ClCompile>
    <ClCompile Include="Death\Death.cpp">
      <Filter>Arquivos de Origem\Death</Filter>
    </ClCompile>
    <ClCompile Include="Platform\PlatformArray.cpp">
      <Filter>Arquivos de Origem\Platform</Filter>
    </ClCompile>
    <ClCompile Include="Victory\Victory.cpp">
      <Filter>Arquivos de Origem\Victory</Filter>
    </ClCompile>
    <ClCompile Include="Shot\Shot.cpp">
      <Filter>Arquivos de Origem\Shot</Filter>
    </ClCompile>
    <ClCompile Include="Shot\ShotArray.cpp">
      <Filter>Arquivos de Origem\Shot</Filter>
    </ClCompile>
    <ClCompile Include="Audio\Audio.cpp">
      <Filter>Arquivos de Origem\Audio</Filter>
    </ClCompile>
    <ClCompile Include="Player\Placar.cpp">
      <Filter>Arquivos de Origem\Player</Filter>
    </ClCompile>
    <ClCompile Include="Options\Options.cpp">
      <Filter>Arquivos de Origem\Options</Filter>
    </ClCompile>
  </ItemGroup>
  <ItemGroup>
    <ClInclude Include="Player\Player.h">
      <Filter>Arquivos de Origem\Player</Filter>
    </ClInclude>
    <ClInclude Include="Animation\Player\PlayerAnimation.h">
      <Filter>Arquivos de Origem\Animation\Player</Filter>
    </ClInclude>
    <ClInclude Include="Platform\Platform.h">
      <Filter>Arquivos de Origem\Platform</Filter>
    </ClInclude>
    <ClInclude Include="Collision\Collider.h">
      <Filter>Arquivos de Origem\Collision</Filter>
    </ClInclude>
    <ClInclude Include="Menu\Menu.h">
      <Filter>Arquivos de Origem\Menu</Filter>
    </ClInclude>
    <ClInclude Include="Fases\Fase.h">
      <Filter>Arquivos de Origem\Fases</Filter>
    </ClInclude>
    <ClInclude Include="Player\StatusPlayer.h">
      <Filter>Arquivos de Origem\Player</Filter>
    </ClInclude>
    <ClInclude Include="Death\Death.h">
      <Filter>Arquivos de Origem\Death</Filter>
    </ClInclude>
    <ClInclude Include="Platform\PlatformArray.h">
      <Filter>Arquivos de Origem\Platform</Filter>
    </ClInclude>
    <ClInclude Include="Victory\Victory.h">
      <Filter>Arquivos de Origem\Victory</Filter>
    </ClInclude>
    <ClInclude Include="Shot\Shot.h">
      <Filter>Arquivos de Origem\Shot</Filter>
    </ClInclude>
    <ClInclude Include="Shot\ShotArray.h">
      <Filter>Arquivos de Origem\Shot</Filter>
    </ClInclude>
    <ClInclude Include="Audio\Audio.h">
      <Filter>Arquivos de Origem\Audio</Filter>
    </ClInclude>
    <ClInclude Include="Player\Placar.h">
      <Filter>Arquivos de Origem\Player</Filter>
    </ClInclude>
    <ClInclude Include="Options\Options.h">
      <Filter>Arquivos de Origem\Options</Filter>
    </ClInclude>
  </ItemGroup>
  <ItemGroup>
    <Image Include="Textures\player\static.png">
      <Filter>Arquivos de Origem\Textures\player</Filter>
    </Image>
    <Image Include="Textures\player\parado.png">
      <Filter>Arquivos de Origem\Textures\player</Filter>
    </Image>
    <Image Include="Textures\player\parado2.png">
      <Filter>Arquivos de Origem\Textures\player</Filter>
    </Image>
  </ItemGroup>
  <ItemGroup>
    <Font Include="font.ttf">
      <Filter>Arquivos de Origem</Filter>
    </Font>
  </ItemGroup>
</Project>